
Microsoft Visual Studio Solution File, Format Version 12.00
# Visual Studio 15
VisualStudioVersion = 15.0.28010.2003
MinimumVisualStudioVersion = 10.0.40219.1
Project("{9A19103F-16F7-4668-BE54-9A1E7A4F7556}") = "InvokeContractTest", "InvokeContractTest\InvokeContractTest.csproj", "{E381CEAE-499A-4208-870C-2E6DECBAC703}"
EndProject
Project("{9A19103F-16F7-4668-BE54-9A1E7A4F7556}") = "llvm", "llvm\llvm.csproj", "{5409E486-7F99-4A83-B8F2-9EB7D54DB273}"
EndProject
Project("{FAE04EC0-301F-11D3-BF4B-00C04F79EFBC}") = "signtool", "signtool\signtool.csproj", "{12542154-0283-4C2C-8211-5FBD26AF4F24}"
EndProject
Project("{9A19103F-16F7-4668-BE54-9A1E7A4F7556}") = "thinSDK", "thinSDK\thinSDK.csproj", "{9F182EFF-698D-4317-BAA8-68ED3D1A41E4}"
EndProject
Project("{9A19103F-16F7-4668-BE54-9A1E7A4F7556}") = "thinSDK_neo", "thinSDK_neo\thinSDK_neo.csproj", "{939E0000-044F-41EB-BF07-A0A1F39073BE}"
EndProject
Project("{9A19103F-16F7-4668-BE54-9A1E7A4F7556}") = "Zoro", "..\Zoro\Zoro\Zoro.csproj", "{35959EF4-1BC2-4EE4-B170-3344F3A51A94}"
EndProject
Global
	GlobalSection(SolutionConfigurationPlatforms) = preSolution
		Debug|Any CPU = Debug|Any CPU
		Release|Any CPU = Release|Any CPU
	EndGlobalSection
	GlobalSection(ProjectConfigurationPlatforms) = postSolution
		{E381CEAE-499A-4208-870C-2E6DECBAC703}.Debug|Any CPU.ActiveCfg = Debug|Any CPU
		{E381CEAE-499A-4208-870C-2E6DECBAC703}.Debug|Any CPU.Build.0 = Debug|Any CPU
		{E381CEAE-499A-4208-870C-2E6DECBAC703}.Release|Any CPU.ActiveCfg = Release|Any CPU
		{E381CEAE-499A-4208-870C-2E6DECBAC703}.Release|Any CPU.Build.0 = Release|Any CPU
		{5409E486-7F99-4A83-B8F2-9EB7D54DB273}.Debug|Any CPU.ActiveCfg = Debug|Any CPU
		{5409E486-7F99-4A83-B8F2-9EB7D54DB273}.Debug|Any CPU.Build.0 = Debug|Any CPU
		{5409E486-7F99-4A83-B8F2-9EB7D54DB273}.Release|Any CPU.ActiveCfg = Release|Any CPU
		{5409E486-7F99-4A83-B8F2-9EB7D54DB273}.Release|Any CPU.Build.0 = Release|Any CPU
		{12542154-0283-4C2C-8211-5FBD26AF4F24}.Debug|Any CPU.ActiveCfg = Debug|Any CPU
		{12542154-0283-4C2C-8211-5FBD26AF4F24}.Debug|Any CPU.Build.0 = Debug|Any CPU
		{12542154-0283-4C2C-8211-5FBD26AF4F24}.Release|Any CPU.ActiveCfg = Release|Any CPU
		{12542154-0283-4C2C-8211-5FBD26AF4F24}.Release|Any CPU.Build.0 = Release|Any CPU
		{9F182EFF-698D-4317-BAA8-68ED3D1A41E4}.Debug|Any CPU.ActiveCfg = Debug|Any CPU
		{9F182EFF-698D-4317-BAA8-68ED3D1A41E4}.Debug|Any CPU.Build.0 = Debug|Any CPU
		{9F182EFF-698D-4317-BAA8-68ED3D1A41E4}.Release|Any CPU.ActiveCfg = Release|Any CPU
		{9F182EFF-698D-4317-BAA8-68ED3D1A41E4}.Release|Any CPU.Build.0 = Release|Any CPU
		{939E0000-044F-41EB-BF07-A0A1F39073BE}.Debug|Any CPU.ActiveCfg = Debug|Any CPU
		{939E0000-044F-41EB-BF07-A0A1F39073BE}.Debug|Any CPU.Build.0 = Debug|Any CPU
		{939E0000-044F-41EB-BF07-A0A1F39073BE}.Release|Any CPU.ActiveCfg = Release|Any CPU
		{939E0000-044F-41EB-BF07-A0A1F39073BE}.Release|Any CPU.Build.0 = Release|Any CPU
		{35959EF4-1BC2-4EE4-B170-3344F3A51A94}.Debug|Any CPU.ActiveCfg = Debug|Any CPU
		{35959EF4-1BC2-4EE4-B170-3344F3A51A94}.Debug|Any CPU.Build.0 = Debug|Any CPU
		{35959EF4-1BC2-4EE4-B170-3344F3A51A94}.Release|Any CPU.ActiveCfg = Release|Any CPU
		{35959EF4-1BC2-4EE4-B170-3344F3A51A94}.Release|Any CPU.Build.0 = Release|Any CPU
	EndGlobalSection
	GlobalSection(SolutionProperties) = preSolution
		HideSolutionNode = FALSE
	EndGlobalSection
	GlobalSection(ExtensibilityGlobals) = postSolution
		SolutionGuid = {A74096F9-A5BE-4617-B50F-D4DADC085986}
	EndGlobalSection
EndGlobal
