
Microsoft Visual Studio Solution File, Format Version 12.00
# Visual Studio 15
VisualStudioVersion = 15.0.28010.2003
MinimumVisualStudioVersion = 10.0.40219.1
Project("{9A19103F-16F7-4668-BE54-9A1E7A4F7556}") = "InvokeContractTest", "InvokeContractTest\InvokeContractTest.csproj", "{E381CEAE-499A-4208-870C-2E6DECBAC703}"
EndProject
Project("{9A19103F-16F7-4668-BE54-9A1E7A4F7556}") = "Zoro", "..\Zoro\Zoro\Zoro.csproj", "{35959EF4-1BC2-4EE4-B170-3344F3A51A94}"
EndProject
Global
	GlobalSection(SolutionConfigurationPlatforms) = preSolution
		Debug|Any CPU = Debug|Any CPU
		Release|Any CPU = Release|Any CPU
	EndGlobalSection
	GlobalSection(ProjectConfigurationPlatforms) = postSolution
		{E381CEAE-499A-4208-870C-2E6DECBAC703}.Debug|Any CPU.ActiveCfg = Debug|Any CPU
		{E381CEAE-499A-4208-870C-2E6DECBAC703}.Debug|Any CPU.Build.0 = Debug|Any CPU
		{E381CEAE-499A-4208-870C-2E6DECBAC703}.Release|Any CPU.ActiveCfg = Release|Any CPU
		{E381CEAE-499A-4208-870C-2E6DECBAC703}.Release|Any CPU.Build.0 = Release|Any CPU
		{35959EF4-1BC2-4EE4-B170-3344F3A51A94}.Debug|Any CPU.ActiveCfg = Debug|Any CPU
		{35959EF4-1BC2-4EE4-B170-3344F3A51A94}.Debug|Any CPU.Build.0 = Debug|Any CPU
		{35959EF4-1BC2-4EE4-B170-3344F3A51A94}.Release|Any CPU.ActiveCfg = Release|Any CPU
		{35959EF4-1BC2-4EE4-B170-3344F3A51A94}.Release|Any CPU.Build.0 = Release|Any CPU
	EndGlobalSection
	GlobalSection(SolutionProperties) = preSolution
		HideSolutionNode = FALSE
	EndGlobalSection
	GlobalSection(ExtensibilityGlobals) = postSolution
		SolutionGuid = {A74096F9-A5BE-4617-B50F-D4DADC085986}
	EndGlobalSection
EndGlobal
